
Microsoft Visual Studio Solution File, Format Version 12.00
# Visual Studio Version 16
VisualStudioVersion = 16.0.29920.165
MinimumVisualStudioVersion = 10.0.40219.1
Project("{2150E333-8FDC-42A3-9474-1A3956D46DE8}") = "Microservices", "Microservices", "{9C703BD0-0B8B-4B12-A3F2-660E32365BCC}"
EndProject
Project("{2150E333-8FDC-42A3-9474-1A3956D46DE8}") = "Domain", "Domain", "{A743B984-068D-47D6-9114-0201842B32EC}"
EndProject
Project("{2150E333-8FDC-42A3-9474-1A3956D46DE8}") = "Infra.Bus", "Infra.Bus", "{41DCECBB-6BEB-4135-8B55-CF09DE73CEFF}"
EndProject
Project("{2150E333-8FDC-42A3-9474-1A3956D46DE8}") = "Infra.IoC", "Infra.IoC", "{1BBBD197-E9EB-4BF9-8C61-CEA5302C5537}"
EndProject
Project("{2150E333-8FDC-42A3-9474-1A3956D46DE8}") = "Presentation", "Presentation", "{7E65A15A-1E6A-48ED-8B36-6FD6C059F183}"
EndProject
Project("{FAE04EC0-301F-11D3-BF4B-00C04F79EFBC}") = "MicroRabbit.Domain.Core", "MicroRabbit.Domain.Core\MicroRabbit.Domain.Core.csproj", "{801E95C4-75E8-46B3-820F-1D831C2248FF}"
EndProject
Project("{FAE04EC0-301F-11D3-BF4B-00C04F79EFBC}") = "MicroRabbit.Infra.Bus", "MicroRabbit.Infra.Bus\MicroRabbit.Infra.Bus.csproj", "{00228D3A-71F3-4CD4-90D8-E508B69CAC59}"
EndProject
Project("{FAE04EC0-301F-11D3-BF4B-00C04F79EFBC}") = "MicroRabbit.Infra.IoC", "MicroRabbit.Infra.IoC\MicroRabbit.Infra.IoC.csproj", "{50694214-3006-4A3E-8746-859621DA3C1A}"
EndProject
Project("{2150E333-8FDC-42A3-9474-1A3956D46DE8}") = "Banking", "Banking", "{4BF2B1C9-B471-45B3-8E3E-F0B6BCBE7D83}"
EndProject
Project("{2150E333-8FDC-42A3-9474-1A3956D46DE8}") = "Api", "Api", "{4C67DCF3-46CA-4583-8C8E-27E0F6DB7219}"
EndProject
Project("{2150E333-8FDC-42A3-9474-1A3956D46DE8}") = "Domain", "Domain", "{065C9BB1-56AD-4F8D-A0A7-8FCA7860DA59}"
EndProject
Project("{2150E333-8FDC-42A3-9474-1A3956D46DE8}") = "Application", "Application", "{27545463-C00E-452B-9279-789B75776296}"
EndProject
Project("{2150E333-8FDC-42A3-9474-1A3956D46DE8}") = "Data", "Data", "{4B227D0F-A71C-4B3C-A277-402CB7166A2E}"
EndProject
Project("{FAE04EC0-301F-11D3-BF4B-00C04F79EFBC}") = "MicroRabbit.Banking.Api", "MicroRabbit.Banking.Api\MicroRabbit.Banking.Api.csproj", "{44C98C59-5878-4801-9951-83FD800A0B6C}"
EndProject
Project("{FAE04EC0-301F-11D3-BF4B-00C04F79EFBC}") = "MicroRabbit.Banking.Application", "MicroRabbit.Banking.Application\MicroRabbit.Banking.Application.csproj", "{A9B3CD8F-2C75-45C0-A505-91DBF41959CD}"
EndProject
Project("{FAE04EC0-301F-11D3-BF4B-00C04F79EFBC}") = "MicroRabbit.Banking.Data", "MicroRabbit.Banking.Data\MicroRabbit.Banking.Data.csproj", "{6D776D86-3BAA-4C26-81A9-4BA2D8D1E26B}"
EndProject
Project("{FAE04EC0-301F-11D3-BF4B-00C04F79EFBC}") = "MicroRabbit.Banking.Domain", "MicroRabbit.Banking.Domain\MicroRabbit.Banking.Domain.csproj", "{63DA5BDA-0D15-4A65-AC16-4DC71AC63D0B}"
EndProject
Global
	GlobalSection(SolutionConfigurationPlatforms) = preSolution
		Debug|Any CPU = Debug|Any CPU
		Release|Any CPU = Release|Any CPU
	EndGlobalSection
	GlobalSection(ProjectConfigurationPlatforms) = postSolution
		{801E95C4-75E8-46B3-820F-1D831C2248FF}.Debug|Any CPU.ActiveCfg = Debug|Any CPU
		{801E95C4-75E8-46B3-820F-1D831C2248FF}.Debug|Any CPU.Build.0 = Debug|Any CPU
		{801E95C4-75E8-46B3-820F-1D831C2248FF}.Release|Any CPU.ActiveCfg = Release|Any CPU
		{801E95C4-75E8-46B3-820F-1D831C2248FF}.Release|Any CPU.Build.0 = Release|Any CPU
		{00228D3A-71F3-4CD4-90D8-E508B69CAC59}.Debug|Any CPU.ActiveCfg = Debug|Any CPU
		{00228D3A-71F3-4CD4-90D8-E508B69CAC59}.Debug|Any CPU.Build.0 = Debug|Any CPU
		{00228D3A-71F3-4CD4-90D8-E508B69CAC59}.Release|Any CPU.ActiveCfg = Release|Any CPU
		{00228D3A-71F3-4CD4-90D8-E508B69CAC59}.Release|Any CPU.Build.0 = Release|Any CPU
		{50694214-3006-4A3E-8746-859621DA3C1A}.Debug|Any CPU.ActiveCfg = Debug|Any CPU
		{50694214-3006-4A3E-8746-859621DA3C1A}.Debug|Any CPU.Build.0 = Debug|Any CPU
		{50694214-3006-4A3E-8746-859621DA3C1A}.Release|Any CPU.ActiveCfg = Release|Any CPU
		{50694214-3006-4A3E-8746-859621DA3C1A}.Release|Any CPU.Build.0 = Release|Any CPU
		{44C98C59-5878-4801-9951-83FD800A0B6C}.Debug|Any CPU.ActiveCfg = Debug|Any CPU
		{44C98C59-5878-4801-9951-83FD800A0B6C}.Debug|Any CPU.Build.0 = Debug|Any CPU
		{44C98C59-5878-4801-9951-83FD800A0B6C}.Release|Any CPU.ActiveCfg = Release|Any CPU
		{44C98C59-5878-4801-9951-83FD800A0B6C}.Release|Any CPU.Build.0 = Release|Any CPU
		{A9B3CD8F-2C75-45C0-A505-91DBF41959CD}.Debug|Any CPU.ActiveCfg = Debug|Any CPU
		{A9B3CD8F-2C75-45C0-A505-91DBF41959CD}.Debug|Any CPU.Build.0 = Debug|Any CPU
		{A9B3CD8F-2C75-45C0-A505-91DBF41959CD}.Release|Any CPU.ActiveCfg = Release|Any CPU
		{A9B3CD8F-2C75-45C0-A505-91DBF41959CD}.Release|Any CPU.Build.0 = Release|Any CPU
		{6D776D86-3BAA-4C26-81A9-4BA2D8D1E26B}.Debug|Any CPU.ActiveCfg = Debug|Any CPU
		{6D776D86-3BAA-4C26-81A9-4BA2D8D1E26B}.Debug|Any CPU.Build.0 = Debug|Any CPU
		{6D776D86-3BAA-4C26-81A9-4BA2D8D1E26B}.Release|Any CPU.ActiveCfg = Release|Any CPU
		{6D776D86-3BAA-4C26-81A9-4BA2D8D1E26B}.Release|Any CPU.Build.0 = Release|Any CPU
		{63DA5BDA-0D15-4A65-AC16-4DC71AC63D0B}.Debug|Any CPU.ActiveCfg = Debug|Any CPU
		{63DA5BDA-0D15-4A65-AC16-4DC71AC63D0B}.Debug|Any CPU.Build.0 = Debug|Any CPU
		{63DA5BDA-0D15-4A65-AC16-4DC71AC63D0B}.Release|Any CPU.ActiveCfg = Release|Any CPU
		{63DA5BDA-0D15-4A65-AC16-4DC71AC63D0B}.Release|Any CPU.Build.0 = Release|Any CPU
	EndGlobalSection
	GlobalSection(SolutionProperties) = preSolution
		HideSolutionNode = FALSE
	EndGlobalSection
	GlobalSection(NestedProjects) = preSolution
		{801E95C4-75E8-46B3-820F-1D831C2248FF} = {A743B984-068D-47D6-9114-0201842B32EC}
		{00228D3A-71F3-4CD4-90D8-E508B69CAC59} = {41DCECBB-6BEB-4135-8B55-CF09DE73CEFF}
		{50694214-3006-4A3E-8746-859621DA3C1A} = {1BBBD197-E9EB-4BF9-8C61-CEA5302C5537}
		{4BF2B1C9-B471-45B3-8E3E-F0B6BCBE7D83} = {9C703BD0-0B8B-4B12-A3F2-660E32365BCC}
		{4C67DCF3-46CA-4583-8C8E-27E0F6DB7219} = {4BF2B1C9-B471-45B3-8E3E-F0B6BCBE7D83}
		{065C9BB1-56AD-4F8D-A0A7-8FCA7860DA59} = {4BF2B1C9-B471-45B3-8E3E-F0B6BCBE7D83}
		{27545463-C00E-452B-9279-789B75776296} = {4BF2B1C9-B471-45B3-8E3E-F0B6BCBE7D83}
		{4B227D0F-A71C-4B3C-A277-402CB7166A2E} = {4BF2B1C9-B471-45B3-8E3E-F0B6BCBE7D83}
		{44C98C59-5878-4801-9951-83FD800A0B6C} = {4C67DCF3-46CA-4583-8C8E-27E0F6DB7219}
		{A9B3CD8F-2C75-45C0-A505-91DBF41959CD} = {27545463-C00E-452B-9279-789B75776296}
		{6D776D86-3BAA-4C26-81A9-4BA2D8D1E26B} = {4B227D0F-A71C-4B3C-A277-402CB7166A2E}
		{63DA5BDA-0D15-4A65-AC16-4DC71AC63D0B} = {065C9BB1-56AD-4F8D-A0A7-8FCA7860DA59}
	EndGlobalSection
	GlobalSection(ExtensibilityGlobals) = postSolution
		SolutionGuid = {F755CD68-302F-442E-8745-C883DFFD3EF9}
	EndGlobalSection
EndGlobal
